
Microsoft Visual Studio Solution File, Format Version 12.00
# Visual Studio Version 17
VisualStudioVersion = 17.0.32014.148
MinimumVisualStudioVersion = 10.0.40219.1
Project("{FAE04EC0-301F-11D3-BF4B-00C04F79EFBC}") = "HW1", "HW1.csproj", "{6DE7712B-4EE8-4C6D-8171-D270E643F990}"
EndProject
Global
	GlobalSection(SolutionConfigurationPlatforms) = preSolution
		Debug|Any CPU = Debug|Any CPU
		Release|Any CPU = Release|Any CPU
	EndGlobalSection
	GlobalSection(ProjectConfigurationPlatforms) = postSolution
		{6DE7712B-4EE8-4C6D-8171-D270E643F990}.Debug|Any CPU.ActiveCfg = Debug|Any CPU
		{6DE7712B-4EE8-4C6D-8171-D270E643F990}.Debug|Any CPU.Build.0 = Debug|Any CPU
		{6DE7712B-4EE8-4C6D-8171-D270E643F990}.Release|Any CPU.ActiveCfg = Release|Any CPU
		{6DE7712B-4EE8-4C6D-8171-D270E643F990}.Release|Any CPU.Build.0 = Release|Any CPU
	EndGlobalSection
	GlobalSection(SolutionProperties) = preSolution
		HideSolutionNode = FALSE
	EndGlobalSection
	GlobalSection(ExtensibilityGlobals) = postSolution
		SolutionGuid = {E3A81CB8-4794-4F47-9F23-3CC7000DFE58}
	EndGlobalSection
EndGlobal
