
Microsoft Visual Studio Solution File, Format Version 12.00
# Visual Studio Version 17
VisualStudioVersion = 17.0.32014.148
MinimumVisualStudioVersion = 10.0.40219.1
Project("{FAE04EC0-301F-11D3-BF4B-00C04F79EFBC}") = "HW_2", "HW_2.csproj", "{CE3967F5-2207-42FA-B374-3E3A79235B08}"
EndProject
Global
	GlobalSection(SolutionConfigurationPlatforms) = preSolution
		Debug|Any CPU = Debug|Any CPU
		Release|Any CPU = Release|Any CPU
	EndGlobalSection
	GlobalSection(ProjectConfigurationPlatforms) = postSolution
		{CE3967F5-2207-42FA-B374-3E3A79235B08}.Debug|Any CPU.ActiveCfg = Debug|Any CPU
		{CE3967F5-2207-42FA-B374-3E3A79235B08}.Debug|Any CPU.Build.0 = Debug|Any CPU
		{CE3967F5-2207-42FA-B374-3E3A79235B08}.Release|Any CPU.ActiveCfg = Release|Any CPU
		{CE3967F5-2207-42FA-B374-3E3A79235B08}.Release|Any CPU.Build.0 = Release|Any CPU
	EndGlobalSection
	GlobalSection(SolutionProperties) = preSolution
		HideSolutionNode = FALSE
	EndGlobalSection
	GlobalSection(ExtensibilityGlobals) = postSolution
		SolutionGuid = {C53D6163-7FBB-41A8-989D-30B64687FA37}
	EndGlobalSection
EndGlobal
